{
  "requires": true,
  "lockfileVersion": 1,
  "dependencies": {
    "@fluentui/date-time-utilities": {
      "version": "7.1.2",
      "resolved": "https://registry.npmjs.org/@fluentui/date-time-utilities/-/date-time-utilities-7.1.2.tgz",
      "integrity": "sha512-To3rv1y191LTE0HMncV0mPmrnDiuNiK2aN6jDEUXQ9OQcDHqa9/7wfN9DbWCqCR53aB7mapaPtRYM20yw2gGYA==",
      "requires": {
        "@uifabric/set-version": "^7.0.15",
        "tslib": "^1.10.0"
      }
    },
    "@fluentui/keyboard-key": {
      "version": "0.2.4",
      "resolved": "https://registry.npmjs.org/@fluentui/keyboard-key/-/keyboard-key-0.2.4.tgz",
      "integrity": "sha512-dkbVQBOtvUqx+B7Jd3mY+SV8SQcO9cy6BLATPkAqK5h5gMg9clb1ny4V2OYW9SZzoOGBojpe6JBN+FmqJT2jgQ==",
      "requires": {
        "tslib": "^1.10.0"
      }
    },
    "@fluentui/react-focus": {
      "version": "7.12.18",
      "resolved": "https://registry.npmjs.org/@fluentui/react-focus/-/react-focus-7.12.18.tgz",
      "integrity": "sha512-ls2mNKtdOf78H8z+i8JOJnO0Avk7yg4Hd3+djsG0piggOFOieNday5exdC/qutrTHNid79shIj370sELZEK27A==",
      "requires": {
        "@fluentui/keyboard-key": "^0.2.4",
        "@uifabric/merge-styles": "^7.16.0",
        "@uifabric/set-version": "^7.0.15",
        "@uifabric/styling": "^7.14.0",
        "@uifabric/utilities": "^7.24.0",
        "tslib": "^1.10.0"
      }
    },
    "@fluentui/react-icons": {
      "version": "0.1.35",
      "resolved": "https://registry.npmjs.org/@fluentui/react-icons/-/react-icons-0.1.35.tgz",
      "integrity": "sha512-ZFn+KnCk8fPrO+i5ARimI+kPy84TTz+uUYMq3dFGrxQsvusoH3UZHch18JvvPcjrG5R6xeghZTRf+DYBBmahBA==",
      "requires": {
        "@microsoft/load-themed-styles": "^1.10.26",
        "@uifabric/set-version": "^7.0.15",
        "@uifabric/utilities": "^7.24.0",
        "tslib": "^1.10.0"
      }
    },
    "@microsoft/load-themed-styles": {
      "version": "1.10.65",
      "resolved": "https://registry.npmjs.org/@microsoft/load-themed-styles/-/load-themed-styles-1.10.65.tgz",
      "integrity": "sha512-4sLbMM9aywtSMRHebh912/6n4/lC/go6QlTbbQfIBBtfy0oQJdDOW1KtfZfSGPggoPiNEzA7xnVsFCFyMnZyEg=="
    },
    "@uifabric/azure-themes": {
      "version": "7.1.39",
      "resolved": "https://registry.npmjs.org/@uifabric/azure-themes/-/azure-themes-7.1.39.tgz",
      "integrity": "sha512-ByhAgzmZYxUjk9BupwUzgddqn7Hy4SbMR5fW7tMEiVDVBmXYEeVuFxj/9FyGxZ1Dbxx43/BnuC45PG+4GCmXAg==",
      "requires": {
        "@uifabric/merge-styles": "^7.16.0",
        "@uifabric/set-version": "^7.0.15",
        "office-ui-fabric-react": "^7.121.12",
        "tslib": "^1.10.0"
      }
    },
    "@uifabric/file-type-icons": {
      "version": "7.4.0",
      "resolved": "https://registry.npmjs.org/@uifabric/file-type-icons/-/file-type-icons-7.4.0.tgz",
      "integrity": "sha512-ZJUOCBqkq6YIYDcXuANqE6PkURw69gin5W5zgnNH6CMffmnDaV0FmPAektC/WpX1Fi3uAlRGb2PqifQar4/yQQ==",
      "requires": {
        "@uifabric/set-version": "^7.0.15",
        "@uifabric/styling": "^7.14.0",
        "tslib": "^1.10.0"
      }
    },
    "@uifabric/foundation": {
      "version": "7.7.34",
      "resolved": "https://registry.npmjs.org/@uifabric/foundation/-/foundation-7.7.34.tgz",
      "integrity": "sha512-9hZ+myyWcjGpfi7B1OPvt+yjVnOpm67vOhR/xm4y9w2PB8NBXNvuE5I2NQlCOu1NszwHCriNCAFTvxm76fj2Hg==",
      "requires": {
        "@uifabric/merge-styles": "^7.16.0",
        "@uifabric/set-version": "^7.0.15",
        "@uifabric/styling": "^7.14.0",
        "@uifabric/utilities": "^7.24.0",
        "tslib": "^1.10.0"
      }
    },
    "@uifabric/icons": {
      "version": "7.3.60",
      "resolved": "https://registry.npmjs.org/@uifabric/icons/-/icons-7.3.60.tgz",
      "integrity": "sha512-OnhZT5pwE85RaNPBiApNpQfEQGym0ilFC+yFXHi/dkLvDN7Q9Tocbh8nrdSO+w0TZFl8wt9rIVlE0MCKOLL9UA==",
      "requires": {
        "@uifabric/set-version": "^7.0.15",
        "@uifabric/styling": "^7.14.0",
        "tslib": "^1.10.0"
      }
    },
    "@uifabric/merge-styles": {
      "version": "7.16.0",
      "resolved": "https://registry.npmjs.org/@uifabric/merge-styles/-/merge-styles-7.16.0.tgz",
      "integrity": "sha512-ZVTki5hvPijpzD8snXAcc/aTSFn1vVDnPMgnr1jkuVvfIohLEaU6dvoefnYPFJ/KnRC5rHyb9Eb5HS9uLnTZ8A==",
      "requires": {
        "@uifabric/set-version": "^7.0.15",
        "tslib": "^1.10.0"
      }
    },
    "@uifabric/react-cards": {
      "version": "0.109.112",
      "resolved": "https://registry.npmjs.org/@uifabric/react-cards/-/react-cards-0.109.112.tgz",
      "integrity": "sha512-U8QTfgm237+21FYNQpumq4tXWQ4S+fVVI5SUDL5TAqcNYTQgCWnF70gvPdwz8jpZy9aoxgM6QUqnZoo51knMTA==",
      "requires": {
        "@microsoft/load-themed-styles": "^1.10.26",
        "@uifabric/azure-themes": "^7.1.39",
        "@uifabric/file-type-icons": "^7.4.0",
        "@uifabric/foundation": "^7.7.34",
        "@uifabric/set-version": "^7.0.15",
        "@uifabric/styling": "^7.14.0",
        "@uifabric/theme-samples": "^7.0.103",
        "@uifabric/utilities": "^7.24.0",
        "office-ui-fabric-react": "^7.121.12",
        "tslib": "^1.10.0"
      }
    },
    "@uifabric/react-hooks": {
      "version": "7.4.13",
      "resolved": "https://registry.npmjs.org/@uifabric/react-hooks/-/react-hooks-7.4.13.tgz",
      "integrity": "sha512-bJNUfI6NYBcNW/GsRqxade5U4XVoT34eSONYvl6M+uRvdJAbnGlu5n/7dLowTNw76sQor+yFY1JnW36mGXDHdg==",
      "requires": {
        "@uifabric/set-version": "^7.0.15",
        "@uifabric/utilities": "^7.24.0",
        "tslib": "^1.10.0"
      }
    },
    "@uifabric/set-version": {
      "version": "7.0.15",
      "resolved": "https://registry.npmjs.org/@uifabric/set-version/-/set-version-7.0.15.tgz",
      "integrity": "sha512-A5/hdP8yv/fg7k5F2CfoZXZSexeOZd5JMLFiiwG0gkp/wHm8A025U4cXJQ5WfVDk5zcUpw/z5OZSdnflH2mv0A==",
      "requires": {
        "tslib": "^1.10.0"
      }
    },
    "@uifabric/styling": {
      "version": "7.14.0",
      "resolved": "https://registry.npmjs.org/@uifabric/styling/-/styling-7.14.0.tgz",
      "integrity": "sha512-V5XH8XejkMxIcbUSINp3FlFF8fxjTEbAMERUpA5mMnr/Xy4UB/VSab52aLr/U1pERlwlD8Ld2+hWaKUysgi00Q==",
      "requires": {
        "@microsoft/load-themed-styles": "^1.10.26",
        "@uifabric/merge-styles": "^7.16.0",
        "@uifabric/set-version": "^7.0.15",
        "@uifabric/utilities": "^7.24.0",
        "tslib": "^1.10.0"
      }
    },
    "@uifabric/theme-samples": {
      "version": "7.0.103",
      "resolved": "https://registry.npmjs.org/@uifabric/theme-samples/-/theme-samples-7.0.103.tgz",
      "integrity": "sha512-Dk+m3cAERRnS7RW7p1HVqg5J1TvP2u7PRSee0vP/92XZ0ieTAMlIf7Va73YRiT0/ijwcLC7Z59055+kqv+RcxQ==",
      "requires": {
        "@uifabric/set-version": "^7.0.15",
        "@uifabric/variants": "^7.1.93",
        "office-ui-fabric-react": "^7.121.11",
        "tslib": "^1.10.0"
      }
    },
    "@uifabric/utilities": {
      "version": "7.24.0",
      "resolved": "https://registry.npmjs.org/@uifabric/utilities/-/utilities-7.24.0.tgz",
      "integrity": "sha512-emPL9mU0ct4qedsVOZ1lkLSWN7L3uzcHd7EqGQ4g1sqZK/QBduy+78HloztroNOPm5pcMfhgK43SdZaVw1y9UA==",
      "requires": {
        "@uifabric/merge-styles": "^7.16.0",
        "@uifabric/set-version": "^7.0.15",
        "prop-types": "^15.7.2",
        "tslib": "^1.10.0"
      }
    },
    "@uifabric/variants": {
      "version": "7.1.93",
      "resolved": "https://registry.npmjs.org/@uifabric/variants/-/variants-7.1.93.tgz",
      "integrity": "sha512-pyPx0xNCp8RoGCEA8MAFMxTu6Ee0Wy5zE1Q2h/JQpxqh+UXNW0KItZf1Q+6UeKkutMlHDLTb8IfivfxT3MTing==",
      "requires": {
        "@uifabric/set-version": "^7.0.15",
        "office-ui-fabric-react": "^7.121.11",
        "tslib": "^1.10.0"
      }
    },
    "js-tokens": {
      "version": "4.0.0",
      "resolved": "https://registry.npmjs.org/js-tokens/-/js-tokens-4.0.0.tgz",
      "integrity": "sha512-RdJUflcE3cUzKiMqQgsCu06FPu9UdIJO0beYbPhHN4k6apgJtifcoCtT9bcxOpYBtpD2kCM6Sbzg4CausW/PKQ=="
    },
    "loose-envify": {
      "version": "1.4.0",
      "resolved": "https://registry.npmjs.org/loose-envify/-/loose-envify-1.4.0.tgz",
      "integrity": "sha512-lyuxPGr/Wfhrlem2CL/UcnUc1zcqKAImBDzukY7Y5F/yQiNdko6+fRLevlw1HgMySw7f611UIY408EtxRSoK3Q==",
      "requires": {
        "js-tokens": "^3.0.0 || ^4.0.0"
      }
    },
    "object-assign": {
      "version": "4.1.1",
      "resolved": "https://registry.npmjs.org/object-assign/-/object-assign-4.1.1.tgz",
      "integrity": "sha1-IQmtx5ZYh8/AXLvUQsrIv7s2CGM="
    },
    "office-ui-fabric-react": {
      "version": "7.121.12",
      "resolved": "https://registry.npmjs.org/office-ui-fabric-react/-/office-ui-fabric-react-7.121.12.tgz",
      "integrity": "sha512-aI99eq7KFFj3eATT8MO3salOYnFvfhL3sq2nHFFL7btXqimVHd772jTMCIrUtAI4YHCbBeiBgh5pgIJZTXdGuQ==",
      "requires": {
        "@fluentui/date-time-utilities": "^7.1.2",
        "@fluentui/react-focus": "^7.12.18",
        "@fluentui/react-icons": "^0.1.35",
        "@microsoft/load-themed-styles": "^1.10.26",
        "@uifabric/foundation": "^7.7.34",
        "@uifabric/icons": "^7.3.60",
        "@uifabric/merge-styles": "^7.16.0",
        "@uifabric/react-hooks": "^7.4.13",
        "@uifabric/set-version": "^7.0.15",
        "@uifabric/styling": "^7.14.0",
        "@uifabric/utilities": "^7.24.0",
        "prop-types": "^15.7.2",
        "tslib": "^1.10.0"
      }
    },
    "prop-types": {
      "version": "15.7.2",
      "resolved": "https://registry.npmjs.org/prop-types/-/prop-types-15.7.2.tgz",
      "integrity": "sha512-8QQikdH7//R2vurIJSutZ1smHYTcLpRWEOlHnzcWHmBYrOGUysKwSsrC89BCiFj3CbrfJ/nXFdJepOVrY1GCHQ==",
      "requires": {
        "loose-envify": "^1.4.0",
        "object-assign": "^4.1.1",
        "react-is": "^16.8.1"
      }
    },
    "react-is": {
      "version": "16.13.1",
      "resolved": "https://registry.npmjs.org/react-is/-/react-is-16.13.1.tgz",
      "integrity": "sha512-24e6ynE2H+OKt4kqsOvNd8kBpV65zoxbA4BVsEOB3ARVWQki/DHzaUoC5KuON/BiccDaCCTZBuOcfZs70kR8bQ=="
    },
    "tslib": {
      "version": "1.13.0",
      "resolved": "https://registry.npmjs.org/tslib/-/tslib-1.13.0.tgz",
      "integrity": "sha512-i/6DQjL8Xf3be4K/E6Wgpekn5Qasl1usyw++dAA35Ue5orEn65VIxOA+YvNNl9HV3qv70T7CNwjODHZrLwvd1Q=="
    }
  }
}
