
Microsoft Visual Studio Solution File, Format Version 12.00
# Visual Studio Version 16
VisualStudioVersion = 16.0.30320.27
MinimumVisualStudioVersion = 10.0.40219.1
Project("{E6C563F2-BDC2-4A24-ACBF-01715157DCBB}") = "PerfBenchmarking", "PerfBenchmarking.asaproj", "{47C55A88-41FF-4DE7-9C95-AFF4058E0C4F}"
EndProject
Global
	GlobalSection(SolutionConfigurationPlatforms) = preSolution
		Debug|Any CPU = Debug|Any CPU
		Release|Any CPU = Release|Any CPU
	EndGlobalSection
	GlobalSection(ProjectConfigurationPlatforms) = postSolution
		{47C55A88-41FF-4DE7-9C95-AFF4058E0C4F}.Debug|Any CPU.ActiveCfg = Debug|Any CPU
		{47C55A88-41FF-4DE7-9C95-AFF4058E0C4F}.Debug|Any CPU.Build.0 = Debug|Any CPU
		{47C55A88-41FF-4DE7-9C95-AFF4058E0C4F}.Release|Any CPU.ActiveCfg = Release|Any CPU
		{47C55A88-41FF-4DE7-9C95-AFF4058E0C4F}.Release|Any CPU.Build.0 = Release|Any CPU
	EndGlobalSection
	GlobalSection(SolutionProperties) = preSolution
		HideSolutionNode = FALSE
	EndGlobalSection
	GlobalSection(ExtensibilityGlobals) = postSolution
		SolutionGuid = {F6933BAC-38BB-48D9-B55F-7CC444A58348}
	EndGlobalSection
EndGlobal
